// !$*UTF8*$!
{
	archiveVersion = 1;
	classes = {
	};
	objectVersion = 46;
	objects = {

/* Begin PBXBuildFile section */
		9B3EDA741AD3FE3400E7D292 /* main.m in Sources */ = {isa = PBXBuildFile; fileRef = 9B3EDA731AD3FE3400E7D292 /* main.m */; };
		9B3EDA771AD3FE3400E7D292 /* AppDelegate.m in Sources */ = {isa = PBXBuildFile; fileRef = 9B3EDA761AD3FE3400E7D292 /* AppDelegate.m */; };
		9B3EDA7A1AD3FE3400E7D292 /* ViewController.m in Sources */ = {isa = PBXBuildFile; fileRef = 9B3EDA791AD3FE3400E7D292 /* ViewController.m */; };
		9B3EDA7D1AD3FE3400E7D292 /* Main.storyboard in Resources */ = {isa = PBXBuildFile; fileRef = 9B3EDA7B1AD3FE3400E7D292 /* Main.storyboard */; };
		9B3EDA7F1AD3FE3400E7D292 /* Images.xcassets in Resources */ = {isa = PBXBuildFile; fileRef = 9B3EDA7E1AD3FE3400E7D292 /* Images.xcassets */; };
		9B3EDA821AD3FE3400E7D292 /* LaunchScreen.xib in Resources */ = {isa = PBXBuildFile; fileRef = 9B3EDA801AD3FE3400E7D292 /* LaunchScreen.xib */; };
		9B3EDA8E1AD3FE3500E7D292 /* BlockDumpTests.m in Sources */ = {isa = PBXBuildFile; fileRef = 9B3EDA8D1AD3FE3500E7D292 /* BlockDumpTests.m */; };
/* End PBXBuildFile section */

/* Begin PBXContainerItemProxy section */
		9B3EDA881AD3FE3500E7D292 /* PBXContainerItemProxy */ = {
			isa = PBXContainerItemProxy;
			containerPortal = 9B3EDA661AD3FE3300E7D292 /* Project object */;
			proxyType = 1;
			remoteGlobalIDString = 9B3EDA6D1AD3FE3300E7D292;
			remoteInfo = BlockDump;
		};
/* End PBXContainerItemProxy section */

/* Begin PBXFileReference section */
		9B3EDA6E1AD3FE3400E7D292 /* BlockDump.app */ = {isa = PBXFileReference; explicitFileType = wrapper.application; includeInIndex = 0; path = BlockDump.app; sourceTree = BUILT_PRODUCTS_DIR; };
		9B3EDA721AD3FE3400E7D292 /* Info.plist */ = {isa = PBXFileReference; lastKnownFileType = text.plist.xml; path = Info.plist; sourceTree = "<group>"; };
		9B3EDA731AD3FE3400E7D292 /* main.m */ = {isa = PBXFileReference; lastKnownFileType = sourcecode.c.objc; path = main.m; sourceTree = "<group>"; };
		9B3EDA751AD3FE3400E7D292 /* AppDelegate.h */ = {isa = PBXFileReference; lastKnownFileType = sourcecode.c.h; path = AppDelegate.h; sourceTree = "<group>"; };
		9B3EDA761AD3FE3400E7D292 /* AppDelegate.m */ = {isa = PBXFileReference; lastKnownFileType = sourcecode.c.objc; path = AppDelegate.m; sourceTree = "<group>"; };
		9B3EDA781AD3FE3400E7D292 /* ViewController.h */ = {isa = PBXFileReference; lastKnownFileType = sourcecode.c.h; path = ViewController.h; sourceTree = "<group>"; };
		9B3EDA791AD3FE3400E7D292 /* ViewController.m */ = {isa = PBXFileReference; lastKnownFileType = sourcecode.c.objc; path = ViewController.m; sourceTree = "<group>"; };
		9B3EDA7C1AD3FE3400E7D292 /* Base */ = {isa = PBXFileReference; lastKnownFileType = file.storyboard; name = Base; path = Base.lproj/Main.storyboard; sourceTree = "<group>"; };
		9B3EDA7E1AD3FE3400E7D292 /* Images.xcassets */ = {isa = PBXFileReference; lastKnownFileType = folder.assetcatalog; path = Images.xcassets; sourceTree = "<group>"; };
		9B3EDA811AD3FE3400E7D292 /* Base */ = {isa = PBXFileReference; lastKnownFileType = file.xib; name = Base; path = Base.lproj/LaunchScreen.xib; sourceTree = "<group>"; };
		9B3EDA871AD3FE3500E7D292 /* BlockDumpTests.xctest */ = {isa = PBXFileReference; explicitFileType = wrapper.cfbundle; includeInIndex = 0; path = BlockDumpTests.xctest; sourceTree = BUILT_PRODUCTS_DIR; };
		9B3EDA8C1AD3FE3500E7D292 /* Info.plist */ = {isa = PBXFileReference; lastKnownFileType = text.plist.xml; path = Info.plist; sourceTree = "<group>"; };
		9B3EDA8D1AD3FE3500E7D292 /* BlockDumpTests.m */ = {isa = PBXFileReference; lastKnownFileType = sourcecode.c.objc; path = BlockDumpTests.m; sourceTree = "<group>"; };
/* End PBXFileReference section */

/* Begin PBXFrameworksBuildPhase section */
		9B3EDA6B1AD3FE3300E7D292 /* Frameworks */ = {
			isa = PBXFrameworksBuildPhase;
			buildActionMask = 2147483647;
			files = (
			);
			runOnlyForDeploymentPostprocessing = 0;
		};
		9B3EDA841AD3FE3500E7D292 /* Frameworks */ = {
			isa = PBXFrameworksBuildPhase;
			buildActionMask = 2147483647;
			files = (
			);
			runOnlyForDeploymentPostprocessing = 0;
		};
/* End PBXFrameworksBuildPhase section */

/* Begin PBXGroup section */
		9B3EDA651AD3FE3300E7D292 = {
			isa = PBXGroup;
			children = (
				9B3EDA701AD3FE3400E7D292 /* BlockDump */,
				9B3EDA8A1AD3FE3500E7D292 /* BlockDumpTests */,
				9B3EDA6F1AD3FE3400E7D292 /* Products */,
			);
			sourceTree = "<group>";
		};
		9B3EDA6F1AD3FE3400E7D292 /* Products */ = {
			isa = PBXGroup;
			children = (
				9B3EDA6E1AD3FE3400E7D292 /* BlockDump.app */,
				9B3EDA871AD3FE3500E7D292 /* BlockDumpTests.xctest */,
			);
			name = Products;
			sourceTree = "<group>";
		};
		9B3EDA701AD3FE3400E7D292 /* BlockDump */ = {
			isa = PBXGroup;
			children = (
				9B3EDA751AD3FE3400E7D292 /* AppDelegate.h */,
				9B3EDA761AD3FE3400E7D292 /* AppDelegate.m */,
				9B3EDA781AD3FE3400E7D292 /* ViewController.h */,
				9B3EDA791AD3FE3400E7D292 /* ViewController.m */,
				9B3EDA7B1AD3FE3400E7D292 /* Main.storyboard */,
				9B3EDA7E1AD3FE3400E7D292 /* Images.xcassets */,
				9B3EDA801AD3FE3400E7D292 /* LaunchScreen.xib */,
				9B3EDA711AD3FE3400E7D292 /* Supporting Files */,
			);
			path = BlockDump;
			sourceTree = "<group>";
		};
		9B3EDA711AD3FE3400E7D292 /* Supporting Files */ = {
			isa = PBXGroup;
			children = (
				9B3EDA721AD3FE3400E7D292 /* Info.plist */,
				9B3EDA731AD3FE3400E7D292 /* main.m */,
			);
			name = "Supporting Files";
			sourceTree = "<group>";
		};
		9B3EDA8A1AD3FE3500E7D292 /* BlockDumpTests */ = {
			isa = PBXGroup;
			children = (
				9B3EDA8D1AD3FE3500E7D292 /* BlockDumpTests.m */,
				9B3EDA8B1AD3FE3500E7D292 /* Supporting Files */,
			);
			path = BlockDumpTests;
			sourceTree = "<group>";
		};
		9B3EDA8B1AD3FE3500E7D292 /* Supporting Files */ = {
			isa = PBXGroup;
			children = (
				9B3EDA8C1AD3FE3500E7D292 /* Info.plist */,
			);
			name = "Supporting Files";
			sourceTree = "<group>";
		};
/* End PBXGroup section */

/* Begin PBXNativeTarget section */
		9B3EDA6D1AD3FE3300E7D292 /* BlockDump */ = {
			isa = PBXNativeTarget;
			buildConfigurationList = 9B3EDA911AD3FE3500E7D292 /* Build configuration list for PBXNativeTarget "BlockDump" */;
			buildPhases = (
				9B3EDA6A1AD3FE3300E7D292 /* Sources */,
				9B3EDA6B1AD3FE3300E7D292 /* Frameworks */,
				9B3EDA6C1AD3FE3300E7D292 /* Resources */,
			);
			buildRules = (
			);
			dependencies = (
			);
			name = BlockDump;
			productName = BlockDump;
			productReference = 9B3EDA6E1AD3FE3400E7D292 /* BlockDump.app */;
			productType = "com.apple.product-type.application";
		};
		9B3EDA861AD3FE3500E7D292 /* BlockDumpTests */ = {
			isa = PBXNativeTarget;
			buildConfigurationList = 9B3EDA941AD3FE3500E7D292 /* Build configuration list for PBXNativeTarget "BlockDumpTests" */;
			buildPhases = (
				9B3EDA831AD3FE3500E7D292 /* Sources */,
				9B3EDA841AD3FE3500E7D292 /* Frameworks */,
				9B3EDA851AD3FE3500E7D292 /* Resources */,
			);
			buildRules = (
			);
			dependencies = (
				9B3EDA891AD3FE3500E7D292 /* PBXTargetDependency */,
			);
			name = BlockDumpTests;
			productName = BlockDumpTests;
			productReference = 9B3EDA871AD3FE3500E7D292 /* BlockDumpTests.xctest */;
			productType = "com.apple.product-type.bundle.unit-test";
		};
/* End PBXNativeTarget section */

/* Begin PBXProject section */
		9B3EDA661AD3FE3300E7D292 /* Project object */ = {
			isa = PBXProject;
			attributes = {
				LastUpgradeCheck = 0620;
				ORGANIZATIONNAME = cyberplays;
				TargetAttributes = {
					9B3EDA6D1AD3FE3300E7D292 = {
						CreatedOnToolsVersion = 6.2;
					};
					9B3EDA861AD3FE3500E7D292 = {
						CreatedOnToolsVersion = 6.2;
						TestTargetID = 9B3EDA6D1AD3FE3300E7D292;
					};
				};
			};
			buildConfigurationList = 9B3EDA691AD3FE3300E7D292 /* Build configuration list for PBXProject "BlockDump" */;
			compatibilityVersion = "Xcode 3.2";
			developmentRegion = English;
			hasScannedForEncodings = 0;
			knownRegions = (
				en,
				Base,
			);
			mainGroup = 9B3EDA651AD3FE3300E7D292;
			productRefGroup = 9B3EDA6F1AD3FE3400E7D292 /* Products */;
			projectDirPath = "";
			projectRoot = "";
			targets = (
				9B3EDA6D1AD3FE3300E7D292 /* BlockDump */,
				9B3EDA861AD3FE3500E7D292 /* BlockDumpTests */,
			);
		};
/* End PBXProject section */

/* Begin PBXResourcesBuildPhase section */
		9B3EDA6C1AD3FE3300E7D292 /* Resources */ = {
			isa = PBXResourcesBuildPhase;
			buildActionMask = 2147483647;
			files = (
				9B3EDA7D1AD3FE3400E7D292 /* Main.storyboard in Resources */,
				9B3EDA821AD3FE3400E7D292 /* LaunchScreen.xib in Resources */,
				9B3EDA7F1AD3FE3400E7D292 /* Images.xcassets in Resources */,
			);
			runOnlyForDeploymentPostprocessing = 0;
		};
		9B3EDA851AD3FE3500E7D292 /* Resources */ = {
			isa = PBXResourcesBuildPhase;
			buildActionMask = 2147483647;
			files = (
			);
			runOnlyForDeploymentPostprocessing = 0;
		};
/* End PBXResourcesBuildPhase section */

/* Begin PBXSourcesBuildPhase section */
		9B3EDA6A1AD3FE3300E7D292 /* Sources */ = {
			isa = PBXSourcesBuildPhase;
			buildActionMask = 2147483647;
			files = (
				9B3EDA7A1AD3FE3400E7D292 /* ViewController.m in Sources */,
				9B3EDA771AD3FE3400E7D292 /* AppDelegate.m in Sources */,
				9B3EDA741AD3FE3400E7D292 /* main.m in Sources */,
			);
			runOnlyForDeploymentPostprocessing = 0;
		};
		9B3EDA831AD3FE3500E7D292 /* Sources */ = {
			isa = PBXSourcesBuildPhase;
			buildActionMask = 2147483647;
			files = (
				9B3EDA8E1AD3FE3500E7D292 /* BlockDumpTests.m in Sources */,
			);
			runOnlyForDeploymentPostprocessing = 0;
		};
/* End PBXSourcesBuildPhase section */

/* Begin PBXTargetDependency section */
		9B3EDA891AD3FE3500E7D292 /* PBXTargetDependency */ = {
			isa = PBXTargetDependency;
			target = 9B3EDA6D1AD3FE3300E7D292 /* BlockDump */;
			targetProxy = 9B3EDA881AD3FE3500E7D292 /* PBXContainerItemProxy */;
		};
/* End PBXTargetDependency section */

/* Begin PBXVariantGroup section */
		9B3EDA7B1AD3FE3400E7D292 /* Main.storyboard */ = {
			isa = PBXVariantGroup;
			children = (
				9B3EDA7C1AD3FE3400E7D292 /* Base */,
			);
			name = Main.storyboard;
			sourceTree = "<group>";
		};
		9B3EDA801AD3FE3400E7D292 /* LaunchScreen.xib */ = {
			isa = PBXVariantGroup;
			children = (
				9B3EDA811AD3FE3400E7D292 /* Base */,
			);
			name = LaunchScreen.xib;
			sourceTree = "<group>";
		};
/* End PBXVariantGroup section */

/* Begin XCBuildConfiguration section */
		9B3EDA8F1AD3FE3500E7D292 /* Debug */ = {
			isa = XCBuildConfiguration;
			buildSettings = {
				ALWAYS_SEARCH_USER_PATHS = NO;
				CLANG_CXX_LANGUAGE_STANDARD = "gnu++0x";
				CLANG_CXX_LIBRARY = "libc++";
				CLANG_ENABLE_MODULES = YES;
				CLANG_ENABLE_OBJC_ARC = YES;
				CLANG_WARN_BOOL_CONVERSION = YES;
				CLANG_WARN_CONSTANT_CONVERSION = YES;
				CLANG_WARN_DIRECT_OBJC_ISA_USAGE = YES_ERROR;
				CLANG_WARN_EMPTY_BODY = YES;
				CLANG_WARN_ENUM_CONVERSION = YES;
				CLANG_WARN_INT_CONVERSION = YES;
				CLANG_WARN_OBJC_ROOT_CLASS = YES_ERROR;
				CLANG_WARN_UNREACHABLE_CODE = YES;
				CLANG_WARN__DUPLICATE_METHOD_MATCH = YES;
				"CODE_SIGN_IDENTITY[sdk=iphoneos*]" = "iPhone Developer";
				COPY_PHASE_STRIP = NO;
				ENABLE_STRICT_OBJC_MSGSEND = YES;
				GCC_C_LANGUAGE_STANDARD = gnu99;
				GCC_DYNAMIC_NO_PIC = NO;
				GCC_OPTIMIZATION_LEVEL = 0;
				GCC_PREPROCESSOR_DEFINITIONS = (
					"DEBUG=1",
					"$(inherited)",
				);
				GCC_SYMBOLS_PRIVATE_EXTERN = NO;
				GCC_WARN_64_TO_32_BIT_CONVERSION = YES;
				GCC_WARN_ABOUT_RETURN_TYPE = YES_ERROR;
				GCC_WARN_UNDECLARED_SELECTOR = YES;
				GCC_WARN_UNINITIALIZED_AUTOS = YES_AGGRESSIVE;
				GCC_WARN_UNUSED_FUNCTION = YES;
				GCC_WARN_UNUSED_VARIABLE = YES;
				IPHONEOS_DEPLOYMENT_TARGET = 8.2;
				MTL_ENABLE_DEBUG_INFO = YES;
				ONLY_ACTIVE_ARCH = YES;
				SDKROOT = iphoneos;
			};
			name = Debug;
		};
		9B3EDA901AD3FE3500E7D292 /* Release */ = {
			isa = XCBuildConfiguration;
			buildSettings = {
				ALWAYS_SEARCH_USER_PATHS = NO;
				CLANG_CXX_LANGUAGE_STANDARD = "gnu++0x";
				CLANG_CXX_LIBRARY = "libc++";
				CLANG_ENABLE_MODULES = YES;
				CLANG_ENABLE_OBJC_ARC = YES;
				CLANG_WARN_BOOL_CONVERSION = YES;
				CLANG_WARN_CONSTANT_CONVERSION = YES;
				CLANG_WARN_DIRECT_OBJC_ISA_USAGE = YES_ERROR;
				CLANG_WARN_EMPTY_BODY = YES;
				CLANG_WARN_ENUM_CONVERSION = YES;
				CLANG_WARN_INT_CONVERSION = YES;
				CLANG_WARN_OBJC_ROOT_CLASS = YES_ERROR;
				CLANG_WARN_UNREACHABLE_CODE = YES;
				CLANG_WARN__DUPLICATE_METHOD_MATCH = YES;
				"CODE_SIGN_IDENTITY[sdk=iphoneos*]" = "iPhone Developer";
				COPY_PHASE_STRIP = NO;
				ENABLE_NS_ASSERTIONS = NO;
				ENABLE_STRICT_OBJC_MSGSEND = YES;
				GCC_C_LANGUAGE_STANDARD = gnu99;
				GCC_WARN_64_TO_32_BIT_CONVERSION = YES;
				GCC_WARN_ABOUT_RETURN_TYPE = YES_ERROR;
				GCC_WARN_UNDECLARED_SELECTOR = YES;
				GCC_WARN_UNINITIALIZED_AUTOS = YES_AGGRESSIVE;
				GCC_WARN_UNUSED_FUNCTION = YES;
				GCC_WARN_UNUSED_VARIABLE = YES;
				IPHONEOS_DEPLOYMENT_TARGET = 8.2;
				MTL_ENABLE_DEBUG_INFO = NO;
				SDKROOT = iphoneos;
				VALIDATE_PRODUCT = YES;
			};
			name = Release;
		};
		9B3EDA921AD3FE3500E7D292 /* Debug */ = {
			isa = XCBuildConfiguration;
			buildSettings = {
				ASSETCATALOG_COMPILER_APPICON_NAME = AppIcon;
				INFOPLIST_FILE = BlockDump/Info.plist;
				LD_RUNPATH_SEARCH_PATHS = "$(inherited) @executable_path/Frameworks";
				PRODUCT_NAME = "$(TARGET_NAME)";
			};
			name = Debug;
		};
		9B3EDA931AD3FE3500E7D292 /* Release */ = {
			isa = XCBuildConfiguration;
			buildSettings = {
				ASSETCATALOG_COMPILER_APPICON_NAME = AppIcon;
				INFOPLIST_FILE = BlockDump/Info.plist;
				LD_RUNPATH_SEARCH_PATHS = "$(inherited) @executable_path/Frameworks";
				PRODUCT_NAME = "$(TARGET_NAME)";
			};
			name = Release;
		};
		9B3EDA951AD3FE3500E7D292 /* Debug */ = {
			isa = XCBuildConfiguration;
			buildSettings = {
				BUNDLE_LOADER = "$(TEST_HOST)";
				FRAMEWORK_SEARCH_PATHS = (
					"$(SDKROOT)/Developer/Library/Frameworks",
					"$(inherited)",
				);
				GCC_PREPROCESSOR_DEFINITIONS = (
					"DEBUG=1",
					"$(inherited)",
				);
				INFOPLIST_FILE = BlockDumpTests/Info.plist;
				LD_RUNPATH_SEARCH_PATHS = "$(inherited) @executable_path/Frameworks @loader_path/Frameworks";
				PRODUCT_NAME = "$(TARGET_NAME)";
				TEST_HOST = "$(BUILT_PRODUCTS_DIR)/BlockDump.app/BlockDump";
			};
			name = Debug;
		};
		9B3EDA961AD3FE3500E7D292 /* Release */ = {
			isa = XCBuildConfiguration;
			buildSettings = {
				BUNDLE_LOADER = "$(TEST_HOST)";
				FRAMEWORK_SEARCH_PATHS = (
					"$(SDKROOT)/Developer/Library/Frameworks",
					"$(inherited)",
				);
				INFOPLIST_FILE = BlockDumpTests/Info.plist;
				LD_RUNPATH_SEARCH_PATHS = "$(inherited) @executable_path/Frameworks @loader_path/Frameworks";
				PRODUCT_NAME = "$(TARGET_NAME)";
				TEST_HOST = "$(BUILT_PRODUCTS_DIR)/BlockDump.app/BlockDump";
			};
			name = Release;
		};
/* End XCBuildConfiguration section */

/* Begin XCConfigurationList section */
		9B3EDA691AD3FE3300E7D292 /* Build configuration list for PBXProject "BlockDump" */ = {
			isa = XCConfigurationList;
			buildConfigurations = (
				9B3EDA8F1AD3FE3500E7D292 /* Debug */,
				9B3EDA901AD3FE3500E7D292 /* Release */,
			);
			defaultConfigurationIsVisible = 0;
			defaultConfigurationName = Release;
		};
		9B3EDA911AD3FE3500E7D292 /* Build configuration list for PBXNativeTarget "BlockDump" */ = {
			isa = XCConfigurationList;
			buildConfigurations = (
				9B3EDA921AD3FE3500E7D292 /* Debug */,
				9B3EDA931AD3FE3500E7D292 /* Release */,
			);
			defaultConfigurationIsVisible = 0;
		};
		9B3EDA941AD3FE3500E7D292 /* Build configuration list for PBXNativeTarget "BlockDumpTests" */ = {
			isa = XCConfigurationList;
			buildConfigurations = (
				9B3EDA951AD3FE3500E7D292 /* Debug */,
				9B3EDA961AD3FE3500E7D292 /* Release */,
			);
			defaultConfigurationIsVisible = 0;
		};
/* End XCConfigurationList section */
	};
	rootObject = 9B3EDA661AD3FE3300E7D292 /* Project object */;
}
